// !$*UTF8*$!
{
	archiveVersion = 1;
	classes = {
	};
	objectVersion = 56;
	objects = {

/* Begin PBXBuildFile section */
		6F474CE82A48A1210019483F /* PrefectureFortuneApp.swift in Sources */ = {isa = PBXBuildFile; fileRef = 6F474CE72A48A1210019483F /* PrefectureFortuneApp.swift */; };
		6F474CEA2A48A1210019483F /* ContentView.swift in Sources */ = {isa = PBXBuildFile; fileRef = 6F474CE92A48A1210019483F /* ContentView.swift */; };
		6F474CEC2A48A1220019483F /* Assets.xcassets in Resources */ = {isa = PBXBuildFile; fileRef = 6F474CEB2A48A1220019483F /* Assets.xcassets */; };
		6F474CEF2A48A1220019483F /* Preview Assets.xcassets in Resources */ = {isa = PBXBuildFile; fileRef = 6F474CEE2A48A1220019483F /* Preview Assets.xcassets */; };
		6F474CF82A48B2080019483F /* UserRequestView.swift in Sources */ = {isa = PBXBuildFile; fileRef = 6F474CF72A48B2080019483F /* UserRequestView.swift */; };
		6F474CFA2A48B3DA0019483F /* UserResponseView.swift in Sources */ = {isa = PBXBuildFile; fileRef = 6F474CF92A48B3DA0019483F /* UserResponseView.swift */; };
		6F474CFC2A4956C80019483F /* PrefectureFetcher.swift in Sources */ = {isa = PBXBuildFile; fileRef = 6F474CFB2A4956C80019483F /* PrefectureFetcher.swift */; };
		6F474D012A49AE2B0019483F /* User.swift in Sources */ = {isa = PBXBuildFile; fileRef = 6F474D002A49AE2B0019483F /* User.swift */; };
		6F474D032A49AE800019483F /* Prefecture.swift in Sources */ = {isa = PBXBuildFile; fileRef = 6F474D022A49AE800019483F /* Prefecture.swift */; };
		6F7DB7752A4A0B7900431383 /* AppTabView.swift in Sources */ = {isa = PBXBuildFile; fileRef = 6F7DB7742A4A0B7900431383 /* AppTabView.swift */; };
		6F7DB7772A4A0C0000431383 /* PrefectureNavigationStack.swift in Sources */ = {isa = PBXBuildFile; fileRef = 6F7DB7762A4A0C0000431383 /* PrefectureNavigationStack.swift */; };
		6F7DB7792A4A0D4300431383 /* FavoritePrefectureNavigationStack.swift in Sources */ = {isa = PBXBuildFile; fileRef = 6F7DB7782A4A0D4300431383 /* FavoritePrefectureNavigationStack.swift */; };
		6F7DB77B2A4A0DD900431383 /* SettingNavigationStack.swift in Sources */ = {isa = PBXBuildFile; fileRef = 6F7DB77A2A4A0DD900431383 /* SettingNavigationStack.swift */; };
/* End PBXBuildFile section */

/* Begin PBXFileReference section */
		6F474CE42A48A1210019483F /* PrefectureFortune.app */ = {isa = PBXFileReference; explicitFileType = wrapper.application; includeInIndex = 0; path = PrefectureFortune.app; sourceTree = BUILT_PRODUCTS_DIR; };
		6F474CE72A48A1210019483F /* PrefectureFortuneApp.swift */ = {isa = PBXFileReference; lastKnownFileType = sourcecode.swift; path = PrefectureFortuneApp.swift; sourceTree = "<group>"; };
		6F474CE92A48A1210019483F /* ContentView.swift */ = {isa = PBXFileReference; lastKnownFileType = sourcecode.swift; path = ContentView.swift; sourceTree = "<group>"; };
		6F474CEB2A48A1220019483F /* Assets.xcassets */ = {isa = PBXFileReference; lastKnownFileType = folder.assetcatalog; path = Assets.xcassets; sourceTree = "<group>"; };
		6F474CEE2A48A1220019483F /* Preview Assets.xcassets */ = {isa = PBXFileReference; lastKnownFileType = folder.assetcatalog; path = "Preview Assets.xcassets"; sourceTree = "<group>"; };
		6F474CF62A48A4860019483F /* README.md */ = {isa = PBXFileReference; lastKnownFileType = net.daringfireball.markdown; path = README.md; sourceTree = "<group>"; };
		6F474CF72A48B2080019483F /* UserRequestView.swift */ = {isa = PBXFileReference; lastKnownFileType = sourcecode.swift; path = UserRequestView.swift; sourceTree = "<group>"; };
		6F474CF92A48B3DA0019483F /* UserResponseView.swift */ = {isa = PBXFileReference; lastKnownFileType = sourcecode.swift; path = UserResponseView.swift; sourceTree = "<group>"; };
		6F474CFB2A4956C80019483F /* PrefectureFetcher.swift */ = {isa = PBXFileReference; lastKnownFileType = sourcecode.swift; path = PrefectureFetcher.swift; sourceTree = "<group>"; };
		6F474D002A49AE2B0019483F /* User.swift */ = {isa = PBXFileReference; lastKnownFileType = sourcecode.swift; path = User.swift; sourceTree = "<group>"; };
		6F474D022A49AE800019483F /* Prefecture.swift */ = {isa = PBXFileReference; lastKnownFileType = sourcecode.swift; path = Prefecture.swift; sourceTree = "<group>"; };
		6F7DB7742A4A0B7900431383 /* AppTabView.swift */ = {isa = PBXFileReference; lastKnownFileType = sourcecode.swift; path = AppTabView.swift; sourceTree = "<group>"; };
		6F7DB7762A4A0C0000431383 /* PrefectureNavigationStack.swift */ = {isa = PBXFileReference; lastKnownFileType = sourcecode.swift; path = PrefectureNavigationStack.swift; sourceTree = "<group>"; };
		6F7DB7782A4A0D4300431383 /* FavoritePrefectureNavigationStack.swift */ = {isa = PBXFileReference; lastKnownFileType = sourcecode.swift; path = FavoritePrefectureNavigationStack.swift; sourceTree = "<group>"; };
		6F7DB77A2A4A0DD900431383 /* SettingNavigationStack.swift */ = {isa = PBXFileReference; lastKnownFileType = sourcecode.swift; path = SettingNavigationStack.swift; sourceTree = "<group>"; };
/* End PBXFileReference section */

/* Begin PBXFrameworksBuildPhase section */
		6F474CE12A48A1210019483F /* Frameworks */ = {
			isa = PBXFrameworksBuildPhase;
			buildActionMask = 2147483647;
			files = (
			);
			runOnlyForDeploymentPostprocessing = 0;
		};
/* End PBXFrameworksBuildPhase section */

/* Begin PBXGroup section */
		6F474CDB2A48A1210019483F = {
			isa = PBXGroup;
			children = (
				6F474CF62A48A4860019483F /* README.md */,
				6F474CE62A48A1210019483F /* PrefectureFortune */,
				6F474CE52A48A1210019483F /* Products */,
			);
			sourceTree = "<group>";
		};
		6F474CE52A48A1210019483F /* Products */ = {
			isa = PBXGroup;
			children = (
				6F474CE42A48A1210019483F /* PrefectureFortune.app */,
			);
			name = Products;
			sourceTree = "<group>";
		};
		6F474CE62A48A1210019483F /* PrefectureFortune */ = {
			isa = PBXGroup;
			children = (
				6F474CE72A48A1210019483F /* PrefectureFortuneApp.swift */,
				6F474CE92A48A1210019483F /* ContentView.swift */,
				6F474CFF2A49AD5F0019483F /* Models */,
				6F474CFE2A49AD580019483F /* Views */,
				6F474CFD2A49AD4F0019483F /* ViewModels */,
				6F474D042A49AF6B0019483F /* Others */,
				6F474CEB2A48A1220019483F /* Assets.xcassets */,
				6F474CED2A48A1220019483F /* Preview Content */,
			);
			path = PrefectureFortune;
			sourceTree = "<group>";
		};
		6F474CED2A48A1220019483F /* Preview Content */ = {
			isa = PBXGroup;
			children = (
				6F474CEE2A48A1220019483F /* Preview Assets.xcassets */,
			);
			path = "Preview Content";
			sourceTree = "<group>";
		};
		6F474CFD2A49AD4F0019483F /* ViewModels */ = {
			isa = PBXGroup;
			children = (
			);
			path = ViewModels;
			sourceTree = "<group>";
		};
		6F474CFE2A49AD580019483F /* Views */ = {
			isa = PBXGroup;
			children = (
				6F7DB77C2A4A0E7B00431383 /* NavigationView */,
				6F7DB77D2A4A0E9C00431383 /* PrefecturesView */,
				6F7DB77E2A4A0EB600431383 /* FavoritesView */,
				6F7DB7802A4A0EDC00431383 /* PredictView */,
				6F7DB77F2A4A0ED000431383 /* SettingsView */,
			);
			path = Views;
			sourceTree = "<group>";
		};
		6F474CFF2A49AD5F0019483F /* Models */ = {
			isa = PBXGroup;
			children = (
				6F474D002A49AE2B0019483F /* User.swift */,
				6F474D022A49AE800019483F /* Prefecture.swift */,
			);
			path = Models;
			sourceTree = "<group>";
		};
		6F474D042A49AF6B0019483F /* Others */ = {
			isa = PBXGroup;
			children = (
				6F474CFB2A4956C80019483F /* PrefectureFetcher.swift */,
			);
			path = Others;
			sourceTree = "<group>";
		};
		6F7DB77C2A4A0E7B00431383 /* NavigationView */ = {
			isa = PBXGroup;
			children = (
				6F7DB7742A4A0B7900431383 /* AppTabView.swift */,
			);
			path = NavigationView;
			sourceTree = "<group>";
		};
		6F7DB77D2A4A0E9C00431383 /* PrefecturesView */ = {
			isa = PBXGroup;
			children = (
				6F7DB7762A4A0C0000431383 /* PrefectureNavigationStack.swift */,
			);
			path = PrefecturesView;
			sourceTree = "<group>";
		};
		6F7DB77E2A4A0EB600431383 /* FavoritesView */ = {
			isa = PBXGroup;
			children = (
				6F7DB7782A4A0D4300431383 /* FavoritePrefectureNavigationStack.swift */,
			);
			path = FavoritesView;
			sourceTree = "<group>";
		};
		6F7DB77F2A4A0ED000431383 /* SettingsView */ = {
			isa = PBXGroup;
			children = (
				6F7DB77A2A4A0DD900431383 /* SettingNavigationStack.swift */,
			);
			path = SettingsView;
			sourceTree = "<group>";
		};
		6F7DB7802A4A0EDC00431383 /* PredictView */ = {
			isa = PBXGroup;
			children = (
				6F474CF72A48B2080019483F /* UserRequestView.swift */,
				6F474CF92A48B3DA0019483F /* UserResponseView.swift */,
			);
			path = PredictView;
			sourceTree = "<group>";
		};
/* End PBXGroup section */

/* Begin PBXNativeTarget section */
		6F474CE32A48A1210019483F /* PrefectureFortune */ = {
			isa = PBXNativeTarget;
			buildConfigurationList = 6F474CF22A48A1220019483F /* Build configuration list for PBXNativeTarget "PrefectureFortune" */;
			buildPhases = (
				6F474CE02A48A1210019483F /* Sources */,
				6F474CE12A48A1210019483F /* Frameworks */,
				6F474CE22A48A1210019483F /* Resources */,
			);
			buildRules = (
			);
			dependencies = (
			);
			name = PrefectureFortune;
			productName = PrefectureFortune;
			productReference = 6F474CE42A48A1210019483F /* PrefectureFortune.app */;
			productType = "com.apple.product-type.application";
		};
/* End PBXNativeTarget section */

/* Begin PBXProject section */
		6F474CDC2A48A1210019483F /* Project object */ = {
			isa = PBXProject;
			attributes = {
				BuildIndependentTargetsInParallel = 1;
				LastSwiftUpdateCheck = 1430;
				LastUpgradeCheck = 1430;
				TargetAttributes = {
					6F474CE32A48A1210019483F = {
						CreatedOnToolsVersion = 14.3.1;
					};
				};
			};
			buildConfigurationList = 6F474CDF2A48A1210019483F /* Build configuration list for PBXProject "PrefectureFortune" */;
			compatibilityVersion = "Xcode 14.0";
			developmentRegion = en;
			hasScannedForEncodings = 0;
			knownRegions = (
				en,
				Base,
			);
			mainGroup = 6F474CDB2A48A1210019483F;
			productRefGroup = 6F474CE52A48A1210019483F /* Products */;
			projectDirPath = "";
			projectRoot = "";
			targets = (
				6F474CE32A48A1210019483F /* PrefectureFortune */,
			);
		};
/* End PBXProject section */

/* Begin PBXResourcesBuildPhase section */
		6F474CE22A48A1210019483F /* Resources */ = {
			isa = PBXResourcesBuildPhase;
			buildActionMask = 2147483647;
			files = (
				6F474CEF2A48A1220019483F /* Preview Assets.xcassets in Resources */,
				6F474CEC2A48A1220019483F /* Assets.xcassets in Resources */,
			);
			runOnlyForDeploymentPostprocessing = 0;
		};
/* End PBXResourcesBuildPhase section */

/* Begin PBXSourcesBuildPhase section */
		6F474CE02A48A1210019483F /* Sources */ = {
			isa = PBXSourcesBuildPhase;
			buildActionMask = 2147483647;
			files = (
				6F7DB77B2A4A0DD900431383 /* SettingNavigationStack.swift in Sources */,
				6F474D032A49AE800019483F /* Prefecture.swift in Sources */,
				6F474CEA2A48A1210019483F /* ContentView.swift in Sources */,
				6F474CE82A48A1210019483F /* PrefectureFortuneApp.swift in Sources */,
				6F474D012A49AE2B0019483F /* User.swift in Sources */,
				6F474CFA2A48B3DA0019483F /* UserResponseView.swift in Sources */,
				6F7DB7772A4A0C0000431383 /* PrefectureNavigationStack.swift in Sources */,
				6F474CFC2A4956C80019483F /* PrefectureFetcher.swift in Sources */,
				6F7DB7752A4A0B7900431383 /* AppTabView.swift in Sources */,
				6F474CF82A48B2080019483F /* UserRequestView.swift in Sources */,
				6F7DB7792A4A0D4300431383 /* FavoritePrefectureNavigationStack.swift in Sources */,
			);
			runOnlyForDeploymentPostprocessing = 0;
		};
/* End PBXSourcesBuildPhase section */

/* Begin XCBuildConfiguration section */
		6F474CF02A48A1220019483F /* Debug */ = {
			isa = XCBuildConfiguration;
			buildSettings = {
				ALWAYS_SEARCH_USER_PATHS = NO;
				CLANG_ANALYZER_NONNULL = YES;
				CLANG_ANALYZER_NUMBER_OBJECT_CONVERSION = YES_AGGRESSIVE;
				CLANG_CXX_LANGUAGE_STANDARD = "gnu++20";
				CLANG_ENABLE_MODULES = YES;
				CLANG_ENABLE_OBJC_ARC = YES;
				CLANG_ENABLE_OBJC_WEAK = YES;
				CLANG_WARN_BLOCK_CAPTURE_AUTORELEASING = YES;
				CLANG_WARN_BOOL_CONVERSION = YES;
				CLANG_WARN_COMMA = YES;
				CLANG_WARN_CONSTANT_CONVERSION = YES;
				CLANG_WARN_DEPRECATED_OBJC_IMPLEMENTATIONS = YES;
				CLANG_WARN_DIRECT_OBJC_ISA_USAGE = YES_ERROR;
				CLANG_WARN_DOCUMENTATION_COMMENTS = YES;
				CLANG_WARN_EMPTY_BODY = YES;
				CLANG_WARN_ENUM_CONVERSION = YES;
				CLANG_WARN_INFINITE_RECURSION = YES;
				CLANG_WARN_INT_CONVERSION = YES;
				CLANG_WARN_NON_LITERAL_NULL_CONVERSION = YES;
				CLANG_WARN_OBJC_IMPLICIT_RETAIN_SELF = YES;
				CLANG_WARN_OBJC_LITERAL_CONVERSION = YES;
				CLANG_WARN_OBJC_ROOT_CLASS = YES_ERROR;
				CLANG_WARN_QUOTED_INCLUDE_IN_FRAMEWORK_HEADER = YES;
				CLANG_WARN_RANGE_LOOP_ANALYSIS = YES;
				CLANG_WARN_STRICT_PROTOTYPES = YES;
				CLANG_WARN_SUSPICIOUS_MOVE = YES;
				CLANG_WARN_UNGUARDED_AVAILABILITY = YES_AGGRESSIVE;
				CLANG_WARN_UNREACHABLE_CODE = YES;
				CLANG_WARN__DUPLICATE_METHOD_MATCH = YES;
				COPY_PHASE_STRIP = NO;
				DEBUG_INFORMATION_FORMAT = dwarf;
				ENABLE_STRICT_OBJC_MSGSEND = YES;
				ENABLE_TESTABILITY = YES;
				GCC_C_LANGUAGE_STANDARD = gnu11;
				GCC_DYNAMIC_NO_PIC = NO;
				GCC_NO_COMMON_BLOCKS = YES;
				GCC_OPTIMIZATION_LEVEL = 0;
				GCC_PREPROCESSOR_DEFINITIONS = (
					"DEBUG=1",
					"$(inherited)",
				);
				GCC_WARN_64_TO_32_BIT_CONVERSION = YES;
				GCC_WARN_ABOUT_RETURN_TYPE = YES_ERROR;
				GCC_WARN_UNDECLARED_SELECTOR = YES;
				GCC_WARN_UNINITIALIZED_AUTOS = YES_AGGRESSIVE;
				GCC_WARN_UNUSED_FUNCTION = YES;
				GCC_WARN_UNUSED_VARIABLE = YES;
				IPHONEOS_DEPLOYMENT_TARGET = 16.4;
				MTL_ENABLE_DEBUG_INFO = INCLUDE_SOURCE;
				MTL_FAST_MATH = YES;
				ONLY_ACTIVE_ARCH = YES;
				SDKROOT = iphoneos;
				SWIFT_ACTIVE_COMPILATION_CONDITIONS = DEBUG;
				SWIFT_OPTIMIZATION_LEVEL = "-Onone";
			};
			name = Debug;
		};
		6F474CF12A48A1220019483F /* Release */ = {
			isa = XCBuildConfiguration;
			buildSettings = {
				ALWAYS_SEARCH_USER_PATHS = NO;
				CLANG_ANALYZER_NONNULL = YES;
				CLANG_ANALYZER_NUMBER_OBJECT_CONVERSION = YES_AGGRESSIVE;
				CLANG_CXX_LANGUAGE_STANDARD = "gnu++20";
				CLANG_ENABLE_MODULES = YES;
				CLANG_ENABLE_OBJC_ARC = YES;
				CLANG_ENABLE_OBJC_WEAK = YES;
				CLANG_WARN_BLOCK_CAPTURE_AUTORELEASING = YES;
				CLANG_WARN_BOOL_CONVERSION = YES;
				CLANG_WARN_COMMA = YES;
				CLANG_WARN_CONSTANT_CONVERSION = YES;
				CLANG_WARN_DEPRECATED_OBJC_IMPLEMENTATIONS = YES;
				CLANG_WARN_DIRECT_OBJC_ISA_USAGE = YES_ERROR;
				CLANG_WARN_DOCUMENTATION_COMMENTS = YES;
				CLANG_WARN_EMPTY_BODY = YES;
				CLANG_WARN_ENUM_CONVERSION = YES;
				CLANG_WARN_INFINITE_RECURSION = YES;
				CLANG_WARN_INT_CONVERSION = YES;
				CLANG_WARN_NON_LITERAL_NULL_CONVERSION = YES;
				CLANG_WARN_OBJC_IMPLICIT_RETAIN_SELF = YES;
				CLANG_WARN_OBJC_LITERAL_CONVERSION = YES;
				CLANG_WARN_OBJC_ROOT_CLASS = YES_ERROR;
				CLANG_WARN_QUOTED_INCLUDE_IN_FRAMEWORK_HEADER = YES;
				CLANG_WARN_RANGE_LOOP_ANALYSIS = YES;
				CLANG_WARN_STRICT_PROTOTYPES = YES;
				CLANG_WARN_SUSPICIOUS_MOVE = YES;
				CLANG_WARN_UNGUARDED_AVAILABILITY = YES_AGGRESSIVE;
				CLANG_WARN_UNREACHABLE_CODE = YES;
				CLANG_WARN__DUPLICATE_METHOD_MATCH = YES;
				COPY_PHASE_STRIP = NO;
				DEBUG_INFORMATION_FORMAT = "dwarf-with-dsym";
				ENABLE_NS_ASSERTIONS = NO;
				ENABLE_STRICT_OBJC_MSGSEND = YES;
				GCC_C_LANGUAGE_STANDARD = gnu11;
				GCC_NO_COMMON_BLOCKS = YES;
				GCC_WARN_64_TO_32_BIT_CONVERSION = YES;
				GCC_WARN_ABOUT_RETURN_TYPE = YES_ERROR;
				GCC_WARN_UNDECLARED_SELECTOR = YES;
				GCC_WARN_UNINITIALIZED_AUTOS = YES_AGGRESSIVE;
				GCC_WARN_UNUSED_FUNCTION = YES;
				GCC_WARN_UNUSED_VARIABLE = YES;
				IPHONEOS_DEPLOYMENT_TARGET = 16.4;
				MTL_ENABLE_DEBUG_INFO = NO;
				MTL_FAST_MATH = YES;
				SDKROOT = iphoneos;
				SWIFT_COMPILATION_MODE = wholemodule;
				SWIFT_OPTIMIZATION_LEVEL = "-O";
				VALIDATE_PRODUCT = YES;
			};
			name = Release;
		};
		6F474CF32A48A1220019483F /* Debug */ = {
			isa = XCBuildConfiguration;
			buildSettings = {
				ASSETCATALOG_COMPILER_APPICON_NAME = AppIcon;
				ASSETCATALOG_COMPILER_GLOBAL_ACCENT_COLOR_NAME = AccentColor;
				CODE_SIGN_STYLE = Automatic;
				CURRENT_PROJECT_VERSION = 1;
				DEVELOPMENT_ASSET_PATHS = "\"PrefectureFortune/Preview Content\"";
				DEVELOPMENT_TEAM = L6MLJ2LS78;
				ENABLE_PREVIEWS = YES;
				GENERATE_INFOPLIST_FILE = YES;
				INFOPLIST_KEY_UIApplicationSceneManifest_Generation = YES;
				INFOPLIST_KEY_UIApplicationSupportsIndirectInputEvents = YES;
				INFOPLIST_KEY_UILaunchScreen_Generation = YES;
				INFOPLIST_KEY_UISupportedInterfaceOrientations_iPad = "UIInterfaceOrientationPortrait UIInterfaceOrientationPortraitUpsideDown UIInterfaceOrientationLandscapeLeft UIInterfaceOrientationLandscapeRight";
				INFOPLIST_KEY_UISupportedInterfaceOrientations_iPhone = "UIInterfaceOrientationPortrait UIInterfaceOrientationLandscapeLeft UIInterfaceOrientationLandscapeRight";
				LD_RUNPATH_SEARCH_PATHS = (
					"$(inherited)",
					"@executable_path/Frameworks",
				);
				MARKETING_VERSION = 1.0;
				PRODUCT_BUNDLE_IDENTIFIER = laiug787.PrefectureFortune;
				PRODUCT_NAME = "$(TARGET_NAME)";
				SWIFT_EMIT_LOC_STRINGS = YES;
				SWIFT_VERSION = 5.0;
				TARGETED_DEVICE_FAMILY = "1,2";
			};
			name = Debug;
		};
		6F474CF42A48A1220019483F /* Release */ = {
			isa = XCBuildConfiguration;
			buildSettings = {
				ASSETCATALOG_COMPILER_APPICON_NAME = AppIcon;
				ASSETCATALOG_COMPILER_GLOBAL_ACCENT_COLOR_NAME = AccentColor;
				CODE_SIGN_STYLE = Automatic;
				CURRENT_PROJECT_VERSION = 1;
				DEVELOPMENT_ASSET_PATHS = "\"PrefectureFortune/Preview Content\"";
				DEVELOPMENT_TEAM = L6MLJ2LS78;
				ENABLE_PREVIEWS = YES;
				GENERATE_INFOPLIST_FILE = YES;
				INFOPLIST_KEY_UIApplicationSceneManifest_Generation = YES;
				INFOPLIST_KEY_UIApplicationSupportsIndirectInputEvents = YES;
				INFOPLIST_KEY_UILaunchScreen_Generation = YES;
				INFOPLIST_KEY_UISupportedInterfaceOrientations_iPad = "UIInterfaceOrientationPortrait UIInterfaceOrientationPortraitUpsideDown UIInterfaceOrientationLandscapeLeft UIInterfaceOrientationLandscapeRight";
				INFOPLIST_KEY_UISupportedInterfaceOrientations_iPhone = "UIInterfaceOrientationPortrait UIInterfaceOrientationLandscapeLeft UIInterfaceOrientationLandscapeRight";
				LD_RUNPATH_SEARCH_PATHS = (
					"$(inherited)",
					"@executable_path/Frameworks",
				);
				MARKETING_VERSION = 1.0;
				PRODUCT_BUNDLE_IDENTIFIER = laiug787.PrefectureFortune;
				PRODUCT_NAME = "$(TARGET_NAME)";
				SWIFT_EMIT_LOC_STRINGS = YES;
				SWIFT_VERSION = 5.0;
				TARGETED_DEVICE_FAMILY = "1,2";
			};
			name = Release;
		};
/* End XCBuildConfiguration section */

/* Begin XCConfigurationList section */
		6F474CDF2A48A1210019483F /* Build configuration list for PBXProject "PrefectureFortune" */ = {
			isa = XCConfigurationList;
			buildConfigurations = (
				6F474CF02A48A1220019483F /* Debug */,
				6F474CF12A48A1220019483F /* Release */,
			);
			defaultConfigurationIsVisible = 0;
			defaultConfigurationName = Release;
		};
		6F474CF22A48A1220019483F /* Build configuration list for PBXNativeTarget "PrefectureFortune" */ = {
			isa = XCConfigurationList;
			buildConfigurations = (
				6F474CF32A48A1220019483F /* Debug */,
				6F474CF42A48A1220019483F /* Release */,
			);
			defaultConfigurationIsVisible = 0;
			defaultConfigurationName = Release;
		};
/* End XCConfigurationList section */
	};
	rootObject = 6F474CDC2A48A1210019483F /* Project object */;
}
